
Microsoft Visual Studio Solution File, Format Version 12.00
# Visual Studio Version 17
VisualStudioVersion = 17.0.31903.59
MinimumVisualStudioVersion = 10.0.40219.1
Project("{FAE04EC0-301F-11D3-BF4B-00C04F79EFBC}") = "ToDo", "ToDo\ToDo.csproj", "{8D1568CF-60D7-408A-815D-365A80FC000B}"
EndProject
Project("{FAE04EC0-301F-11D3-BF4B-00C04F79EFBC}") = "ToDo.Tests", "ToDo.Tests\ToDo.Tests.csproj", "{E7602904-F3B2-4038-A12E-DD90631A3F45}"
EndProject
Project("{FAE04EC0-301F-11D3-BF4B-00C04F79EFBC}") = "ToDo.Services", "ToDo.Services\ToDo.Services.csproj", "{D663C24A-D9E1-447B-ABC4-A9BDF6CE5DA8}"
EndProject
Global
	GlobalSection(SolutionConfigurationPlatforms) = preSolution
		Debug|Any CPU = Debug|Any CPU
		Release|Any CPU = Release|Any CPU
	EndGlobalSection
	GlobalSection(SolutionProperties) = preSolution
		HideSolutionNode = FALSE
	EndGlobalSection
	GlobalSection(ProjectConfigurationPlatforms) = postSolution
		{8D1568CF-60D7-408A-815D-365A80FC000B}.Debug|Any CPU.ActiveCfg = Debug|Any CPU
		{8D1568CF-60D7-408A-815D-365A80FC000B}.Debug|Any CPU.Build.0 = Debug|Any CPU
		{8D1568CF-60D7-408A-815D-365A80FC000B}.Release|Any CPU.ActiveCfg = Release|Any CPU
		{8D1568CF-60D7-408A-815D-365A80FC000B}.Release|Any CPU.Build.0 = Release|Any CPU
		{E7602904-F3B2-4038-A12E-DD90631A3F45}.Debug|Any CPU.ActiveCfg = Debug|Any CPU
		{E7602904-F3B2-4038-A12E-DD90631A3F45}.Debug|Any CPU.Build.0 = Debug|Any CPU
		{E7602904-F3B2-4038-A12E-DD90631A3F45}.Release|Any CPU.ActiveCfg = Release|Any CPU
		{E7602904-F3B2-4038-A12E-DD90631A3F45}.Release|Any CPU.Build.0 = Release|Any CPU
		{D663C24A-D9E1-447B-ABC4-A9BDF6CE5DA8}.Debug|Any CPU.ActiveCfg = Debug|Any CPU
		{D663C24A-D9E1-447B-ABC4-A9BDF6CE5DA8}.Debug|Any CPU.Build.0 = Debug|Any CPU
		{D663C24A-D9E1-447B-ABC4-A9BDF6CE5DA8}.Release|Any CPU.ActiveCfg = Release|Any CPU
		{D663C24A-D9E1-447B-ABC4-A9BDF6CE5DA8}.Release|Any CPU.Build.0 = Release|Any CPU
	EndGlobalSection
EndGlobal
